{
  "requires": true,
  "lockfileVersion": 1,
  "dependencies": {
        "debug": {
      "resolved": "https://registry.npmjs.org/@gulp-sourcemaps/map-sources/-/map-sources-1.0.0.tgz",
      "integrity": "sha1-iQrnxdjId/bThIYCFazp1+yUW9o=",
      "requires": {
        "glob-to-regexp": "^0.3.0"
    "accepts": {
      "version": "6.10.0",
      "resolved": "https://registry.npmjs.org/ajv/-/ajv-6.10.0.tgz",
      "integrity": "sha512-3NMEhi57E31qdzmYp2jwRArIUsj1HI/RxbQ4bgnSB+AIKIxsAmTiK83bYMifIcpWvEc3P1X30DhUKOqEtF/kvg==",
      "dev": true,
        "es6-iterator": "~2.0.3",
      "version": "0.1.1",
        "ansi-wrap": "0.1.0"
    "es6-iterator": {
      "version": "3.2.1",
      "resolved": "https://registry.npmjs.org/ansi-styles/-/ansi-styles-3.2.1.tgz",
      "integrity": "sha1-p96IkUGgWpSwhUQDstCg+/qY87c=",
      "dev": true,
        "d": "1",
        "delegates": "^1.0.0",
        "readable-stream": "^2.0.6"
    "argparse": {
      "version": "1.0.10",
      "resolved": "https://registry.npmjs.org/argparse/-/argparse-1.0.10.tgz",
      "integrity": "sha512-o5Roy6tNG4SL/FOkCAN6RzjiakZS25RLYFrcMttJqbdd8BWrnA+fGz57iN5Pb06pvBGvl5gQ0B48dJlslXvoTg==",
      "requires": {
      "requires": {
        "d": "1",
        "es5-ext": "~0.10.14"
      }
    },
    "expand-tilde": {
      "version": "2.0.2",
      "resolved": "https://registry.npmjs.org/expand-tilde/-/expand-tilde-2.0.2.tgz",
      "integrity": "sha1-l+gBqgUt8CRU3kawK/YhZCzchQI=",
      "dev": true,
      "requires": {
        "homedir-polyfill": "^1.0.1"
      }
    },
    "global-modules": {
      "version": "1.0.0",
      "resolved": "https://registry.npmjs.org/global-modules/-/global-modules-1.0.0.tgz",
      "integrity": "sha512-sKzpEkf11GpOFuw0Zzjzmt4B4UZwjOcG757PPvrfhxcLFbq0wpsgpOqxpxtxFiCG4DtG93M6XRVbF2oGdev7bg==",
      "dev": true,
      "requires": {
        "global-prefix": "^1.0.1",
        "is-windows": "^1.0.1",
        "resolve-dir": "^1.0.0"
      }
    },
    "array-union": {
      "resolved": "https://registry.npmjs.org/array-union/-/array-union-1.0.2.tgz",
      "integrity": "sha1-mjRBDk9OPaI96jdb5b5w8kd47Dk=",
      "dev": true,
        "expand-tilde": "^2.0.2",
        "homedir-polyfill": "^1.0.1",
        "ini": "^1.3.4",
        "array-uniq": "^1.0.1"
        "which": "^1.2.14"
    "array-uniq": {
      "resolved": "https://registry.npmjs.org/arrify/-/arrify-1.0.1.tgz",
      "version": "1.3.1",
      "resolved": "https://registry.npmjs.org/async-done/-/async-done-1.3.1.tgz",
      "integrity": "sha512-R1BaUeJ4PMoLNJuk+0tLJgjmEqVsdN118+Z8O+alhnQDQgy0kmD5Mqi0DNEmMx2LM0Ed5yekKu+ZXYvIHceicg==",
      "dev": true,
        "process-nextick-args": "^1.0.7",
      "version": "0.1.3",
      "resolved": "https://registry.npmjs.org/async-foreach/-/async-foreach-0.1.3.tgz",
      "integrity": "sha1-NhIfhFwFeBct5Bmpfb6x0W7DRUI="
      "requires": {
        "postcss-value-parser": "^3.3.1"
    "aws-sign2": {
      "version": "1.8.0",
      "resolved": "https://registry.npmjs.org/aws4/-/aws4-1.8.0.tgz",
      "integrity": "sha512-RZY5huIKCMRWDUqZlEi72f/lmXKMvuszcMBduliQ3nnWbx9X/ZBQO7DijMEYS9EhHBb2qacRUMtC7svLwe0lcw==",
      "dev": true
    },
    "is-windows": {
      "version": "1.0.2",
      "resolved": "https://registry.npmjs.org/is-windows/-/is-windows-1.0.2.tgz",
      "integrity": "sha512-jcUOof71/TNAI2uM5uoUaDq2ePcVBQ3R/qhxAz1rX7UfvduAL/RXD3jXzvn8cVcDJdGVkiR1shal3OH0ImpuhA==",
        "p-event": {
          "requires": {
      "version": "1.13.0",
      "resolved": "https://registry.npmjs.org/binary-extensions/-/binary-extensions-1.13.0.tgz",
      "integrity": "sha512-EgmjVLMn22z7eGGv3kcnHwSnJXmFHjISTY9E/S5lIcTD3Oxw05QTcBLNkJFzcb3cNueUdF/IN4U+d78V0zO8Hw=="
      "resolved": "https://registry.npmjs.org/bl/-/bl-1.2.2.tgz",
      "integrity": "sha1-E+v+d4oDIFz+A3UUgeu0szAMEmo=",
      "requires": {
    "next-tick": {
      "version": "1.0.0",
      "resolved": "https://registry.npmjs.org/buffer-fill/-/buffer-fill-1.0.0.tgz",
      "integrity": "sha1-+PeLdniYiO858gXNY39o5wISKyw="
      "dev": true
    },
        "lowercase-keys": {
          "resolved": "https://registry.npmjs.org/lowercase-keys/-/lowercase-keys-1.0.0.tgz",
          "integrity": "sha1-TjNms55/VFfjXxMkvfb4jQv8cwY="
        }
    "call-me-maybe": {
      "resolved": "https://registry.npmjs.org/resolve-dir/-/resolve-dir-1.0.1.tgz",
      "integrity": "sha1-eaQGRMNivoLybv/nOcm7U4IEb0M=",
      "requires": {
        "get-proxy": "^2.0.0",
      "version": "2.1.2",
      "resolved": "https://registry.npmjs.org/chokidar/-/chokidar-2.1.2.tgz",
      "integrity": "sha512-IwXUx0FXc5ibYmPC2XeEj5mpXoV66sR+t3jqu2NS2GYwCktt3KF1/Qqjws/NkegajBA4RbZ5+DDwlOiJsxDHEg==",
        "global-modules": "^1.0.0"
        "upath": "^1.1.0"
      }
    },
    "which": {
      "version": "1.1.2",
      "resolved": "https://registry.npmjs.org/cloneable-readable/-/cloneable-readable-1.1.2.tgz",
      "integrity": "sha512-Bq6+4t+lbM8vhTs/Bef5c5AdEMtapp/iFb6+s4/Hh9MVTt8OLKH7ZOOZSCT+Ys7hsHvqv0GuMPJ1lnQJVHvxpg==",
      "version": "1.1.3",
      "version": "1.2.1",
      "resolved": "https://registry.npmjs.org/component-emitter/-/component-emitter-1.2.1.tgz",
      "integrity": "sha1-E3kY1teCg/ffemt8WmPhQOaUJeY="
      "resolved": "https://registry.npmjs.org/css/-/css-2.2.4.tgz",
      "integrity": "sha512-oUnjmWpy0niI3x/mPL8dVEI1l7MnG3+HHyRPHf+YFSbK+svOhXpmSOcDURUh2aOCgl2grzrOPt1nHLuCVFULLw==",
      "requires": {
        "boolbase": "^1.0.0",
      "version": "1.4.1",
      "resolved": "https://registry.npmjs.org/end-of-stream/-/end-of-stream-1.4.1.tgz",
      "integrity": "sha512-1MkrZNvWTKCaigbn+W15elq2BB/L22nqrSY5DKlo3X6+vclJm8Bb5djXJBmEX6fS3+zCh/F4VBK5Z2KxJt4s2Q==",
      "version": "2.0.2",
      "resolved": "https://registry.npmjs.org/es6-weak-map/-/es6-weak-map-2.0.2.tgz",
      "integrity": "sha1-XjqzIlH/0VOKH45f+hNXdy+S2W8=",
        "es5-ext": "^0.10.14",
        "es6-iterator": "^2.0.1",
      "version": "2.0.0",
      "resolved": "https://registry.npmjs.org/findup-sync/-/findup-sync-2.0.0.tgz",
      "integrity": "sha1-kyaxSIwi0aYIhlCoaQGy2akKLLw=",
        "is-glob": "^3.1.0",
      "version": "1.1.1",
      "resolved": "https://registry.npmjs.org/fined/-/fined-1.1.1.tgz",
      "integrity": "sha512-jQp949ZmEbiYHk3gkbdtpJ0G1+kgtLQBNdP5edFP7Fh+WAYceLQz6yO1SBj72Xkg8GVyTB3bBzAYrHJVh5Xd5g==",
      "version": "1.2.7",
      "resolved": "https://registry.npmjs.org/fsevents/-/fsevents-1.2.7.tgz",
      "integrity": "sha512-Pxm6sI2MeBD7RdD12RYsqaP0nMiwx8eZBXCa6z2L+mRHm2DYrOYwihmhjpkdjUHwQhslWQjRpEgNq4XvBmaAuw==",
        "nan": "^2.9.2",
        "node-pre-gyp": "^0.10.0"
          "bundled": true,
          "bundled": true,
          "bundled": true,
          "bundled": true,
          "bundled": true,
          "version": "2.6.9",
            "ms": "2.0.0"
          "bundled": true,
          "bundled": true,
          "version": "2.0.0",
          "version": "2.2.4",
            "debug": "^2.1.2",
          "version": "0.10.3",
          "version": "1.0.5",
          "version": "1.2.0",
          "bundled": true,
          "bundled": true,
          "version": "5.6.0",
          "bundled": true,
          "bundled": true,
      "version": "7.1.3",
      "resolved": "https://registry.npmjs.org/glob/-/glob-7.1.3.tgz",
      "integrity": "sha512-vcfuiIxogLV4DlGBHIUOwI0IbrJ8HWPc4MU7HzviGeNho/UJDfi6B5p3sHeWIQ0KGIU0Jpxi5ZHxemQfLkkAwQ==",
      "version": "4.1.15",
      "resolved": "https://registry.npmjs.org/graceful-fs/-/graceful-fs-4.1.15.tgz",
      "integrity": "sha512-6uHUhOPEBgQ24HM+r6b/QwWfZq+yiFcipKFrOFiBEnWdy5sdzYoi+pJeQaPI5qOLRFqWmAXUPQNsielzdLoecA=="
      "version": "4.0.0",
      "resolved": "https://registry.npmjs.org/gulp/-/gulp-4.0.0.tgz",
      "integrity": "sha1-lXZsYB2t5Kd+0+eyttwDiBtZY2Y=",
        "glob-watcher": "^5.0.0",
        "gulp-cli": "^2.0.0",
        "undertaker": "^1.0.0",
          "version": "2.0.1",
          "resolved": "https://registry.npmjs.org/gulp-cli/-/gulp-cli-2.0.1.tgz",
          "integrity": "sha512-RxujJJdN8/O6IW2nPugl7YazhmrIEjmiVfPKrWt68r71UCaLKS71Hp0gpKT+F6qOUFtr7KqtifDKaAJPRVvMYQ==",
            "liftoff": "^2.5.0",
      "version": "2.7.1",
      "resolved": "https://registry.npmjs.org/hosted-git-info/-/hosted-git-info-2.7.1.tgz",
      "integrity": "sha512-kuu47c6iKDQ6R9J10xCwL0lgs0+sMz3LRHqRcJ2CRBWdcNmo3T5hUaM8hSZfksptZXJLGKk8heSAvwtSdB1Fng==",
      "version": "2.0.3",
      "resolved": "https://registry.npmjs.org/inherits/-/inherits-2.0.3.tgz",
      "integrity": "sha1-Yzwsg+PaQqUC9SRmAiSA9CCCYd4="
      "version": "4.0.0",
      "resolved": "https://registry.npmjs.org/is-glob/-/is-glob-4.0.0.tgz",
      "integrity": "sha1-lSHHaEXMJhCoUgPd8ICpWML/q8A=",
      "version": "2.5.0",
      "resolved": "https://registry.npmjs.org/liftoff/-/liftoff-2.5.0.tgz",
      "integrity": "sha1-IAkpG7Mc6oYbvxCnwVooyvdcMew=",
        "findup-sync": "^2.0.0",
    "memoizee": {
        "findup-sync": {
      "version": "0.4.14",
      "resolved": "https://registry.npmjs.org/memoizee/-/memoizee-0.4.14.tgz",
      "integrity": "sha512-/SWFvWegAIYAO4NQMpcX+gcra0yEZu4OntmUdrBaWrJncxOqAziGFlHxc7yjKVK2uu3lpPW27P27wkR82wA8mg==",
        "es5-ext": "^0.10.45",
        "es6-weak-map": "^2.0.2",
        "event-emitter": "^0.3.5",
        "timers-ext": "^0.1.5"
    "meow": {
      "version": "3.7.0",
      "resolved": "https://registry.npmjs.org/meow/-/meow-3.7.0.tgz",
      "integrity": "sha1-cstmi0JSKCkKu/qFaJJYcwioAfs=",
        "object-assign": "^4.0.1",
        "read-pkg-up": "^1.0.1",
    },
      "version": "1.3.1",
      "resolved": "https://registry.npmjs.org/mixin-deep/-/mixin-deep-1.3.1.tgz",
      "integrity": "sha512-8ZItLHeEgaqEvd5lYBXfm4EZSFCX29Jb9K+lAHhDKzReKBQKj3R+7NOF6tjqYi9t4oI8VUfaWITJQm86wnXGNQ==",
      "version": "2.12.1",
      "resolved": "https://registry.npmjs.org/nan/-/nan-2.12.1.tgz",
      "integrity": "sha512-JY7V6lRkStKcKTvHO5NVSQRv+RV+FIL5pvDoLiAtSL9pKlC5x9PKQcZDsq7m4FO4d57mkhC6Z+QhAh3Jdk5JFw=="
      "optional": true
      "version": "2.0.0",
      "resolved": "https://registry.npmjs.org/now-and-later/-/now-and-later-2.0.0.tgz",
      "integrity": "sha1-vGHLtFbXnLMiB85HygUTb/Ln1u4=",
      "version": "1.1.0",
      "resolved": "https://registry.npmjs.org/object-keys/-/object-keys-1.1.0.tgz",
      "integrity": "sha512-6OO5X1+2tYkNyNEx6TsCxEqFfRWaqx6EtMiSbGrw8Ob8v9Ne+Hl8rBAgLBZn5wjEz3s/s6U1WXFUFOcxxAwUpg=="
      "version": "1.0.7",
      "resolved": "https://registry.npmjs.org/process-nextick-args/-/process-nextick-args-1.0.7.tgz",
      "integrity": "sha512-/6pt4+C+T+wZUieKR620OpzN/LlnNKuWjy1iFLQ/UG35JqHlR/89MP1d96dUfkf6Dne3TuLQzOYEYshJ+Hx8mw=="
      "version": "1.10.0",
      "resolved": "https://registry.npmjs.org/resolve/-/resolve-1.10.0.tgz",
      "integrity": "sha512-3sUr9aq5OfSg2S9pNtPA9hL1FVEAjvfOC4leW0SNf/mpnaakz2a9femSd6LqAww2RaFctwyf1lCqnTHuF1rxDg==",
      "version": "5.6.0",
      "resolved": "https://registry.npmjs.org/semver/-/semver-5.6.0.tgz",
      "integrity": "sha512-RS9R6R35NYgQn++fkDWaOmqGoj4Ek9gGs+DPxNUZKuwE183xjJroKvyo1IzVFeXvUrvmALy6FWD5xrdJT25gMg=="
      "version": "2.0.0",
      "resolved": "https://registry.npmjs.org/set-value/-/set-value-2.0.0.tgz",
      "integrity": "sha512-hw0yxk9GT/Hr5yJEYnHNKYXkIA8mVJgd9ditYZCe16ZczcaELYYcfvaXesNACk2O8O0nTiPQcQhGUQj8JLzeeg==",
      "version": "3.0.3",
      "resolved": "https://registry.npmjs.org/spdx-license-ids/-/spdx-license-ids-3.0.3.tgz",
      "integrity": "sha512-uBIcIl3Ih6Phe3XHK1NqboJLdGfwr1UN3k6wSD1dZpmPsIkb8AGNbZYJ1fOBk834+Gxy8rpfDxrS6XLEMZMY2g=="
      "version": "1.2.0",
      "resolved": "https://registry.npmjs.org/undertaker/-/undertaker-1.2.0.tgz",
      "integrity": "sha1-M52kZGJS0ILcN45wgGcpl1DhG0k=",
      "version": "1.0.0",
      "resolved": "https://registry.npmjs.org/union-value/-/union-value-1.0.0.tgz",
      "integrity": "sha1-XHHDTLW61dzr4+oM0IIHulqhrqQ=",
        "set-value": "^0.4.3"
      "version": "1.1.2",
      "resolved": "https://registry.npmjs.org/upath/-/upath-1.1.2.tgz",
      "integrity": "sha512-KY9Frmirql91X2Qgjry0Wd4Y+YTdrdZheS8TFwvkbLWf/G5KNJDCh6pKL5OZctEW4+0Baa5idK2ZQuELRwPznQ==",
      "version": "3.1.2",
      "resolved": "https://registry.npmjs.org/v8flags/-/v8flags-3.1.2.tgz",
      "integrity": "sha512-MtivA7GF24yMPte9Rp/BWGCYQNaUj86zeYxV/x2RRJMKagImbbv3u8iJC57lNhWLPcGLJmHcHmFWkNsplbbLWw==",
      "version": "4.0.1",
      "resolved": "https://registry.npmjs.org/xtend/-/xtend-4.0.1.tgz",
      "integrity": "sha1-pcbVMr5lbiPbgg77lDofBJmNY68="
